
Microsoft Visual Studio Solution File, Format Version 12.00
# Visual Studio Version 17
VisualStudioVersion = 17.14.36310.24 d17.14
MinimumVisualStudioVersion = 10.0.40219.1
Project("{FAE04EC0-301F-11D3-BF4B-00C04F79EFBC}") = "Resizable", "Resizable\Resizable.csproj", "{8C5DD2DC-4E9F-457A-BC90-BF8D9048FA47}"
EndProject
Global
	GlobalSection(SolutionConfigurationPlatforms) = preSolution
		Debug|Any CPU = Debug|Any CPU
		Release|Any CPU = Release|Any CPU
	EndGlobalSection
	GlobalSection(ProjectConfigurationPlatforms) = postSolution
		{8C5DD2DC-4E9F-457A-BC90-BF8D9048FA47}.Debug|Any CPU.ActiveCfg = Debug|Any CPU
		{8C5DD2DC-4E9F-457A-BC90-BF8D9048FA47}.Debug|Any CPU.Build.0 = Debug|Any CPU
		{8C5DD2DC-4E9F-457A-BC90-BF8D9048FA47}.Release|Any CPU.ActiveCfg = Release|Any CPU
		{8C5DD2DC-4E9F-457A-BC90-BF8D9048FA47}.Release|Any CPU.Build.0 = Release|Any CPU
	EndGlobalSection
	GlobalSection(SolutionProperties) = preSolution
		HideSolutionNode = FALSE
	EndGlobalSection
	GlobalSection(ExtensibilityGlobals) = postSolution
		SolutionGuid = {FF81F142-E96D-4FCA-A634-EADF78177E62}
	EndGlobalSection
EndGlobal
