
Microsoft Visual Studio Solution File, Format Version 12.00
# Visual Studio Version 17
VisualStudioVersion = 17.14.36310.24 d17.14
MinimumVisualStudioVersion = 10.0.40219.1
Project("{FAE04EC0-301F-11D3-BF4B-00C04F79EFBC}") = "Singleinheritance", "Singleinheritance\Singleinheritance.csproj", "{3B89242C-6E82-474E-9DB3-3FA15BF2CCC9}"
EndProject
Global
	GlobalSection(SolutionConfigurationPlatforms) = preSolution
		Debug|Any CPU = Debug|Any CPU
		Release|Any CPU = Release|Any CPU
	EndGlobalSection
	GlobalSection(ProjectConfigurationPlatforms) = postSolution
		{3B89242C-6E82-474E-9DB3-3FA15BF2CCC9}.Debug|Any CPU.ActiveCfg = Debug|Any CPU
		{3B89242C-6E82-474E-9DB3-3FA15BF2CCC9}.Debug|Any CPU.Build.0 = Debug|Any CPU
		{3B89242C-6E82-474E-9DB3-3FA15BF2CCC9}.Release|Any CPU.ActiveCfg = Release|Any CPU
		{3B89242C-6E82-474E-9DB3-3FA15BF2CCC9}.Release|Any CPU.Build.0 = Release|Any CPU
	EndGlobalSection
	GlobalSection(SolutionProperties) = preSolution
		HideSolutionNode = FALSE
	EndGlobalSection
	GlobalSection(ExtensibilityGlobals) = postSolution
		SolutionGuid = {4AC54672-0AA1-43B2-8996-7DD45680AAA5}
	EndGlobalSection
EndGlobal
